
Microsoft Visual Studio Solution File, Format Version 12.00
# Visual Studio Version 17
VisualStudioVersion = 17.0.31903.59
MinimumVisualStudioVersion = 10.0.40219.1
Project("{FAE04EC0-301F-11D3-BF4B-00C04F79EFBC}") = "Application", "Application\Application.csproj", "{4093E221-A1A2-4E31-BDD6-04054CE6E3A5}"
EndProject
Project("{FAE04EC0-301F-11D3-BF4B-00C04F79EFBC}") = "Domain", "Domain\Domain.csproj", "{3AA3AAF2-B9D7-4945-99E1-09917B9E1BB5}"
EndProject
Project("{FAE04EC0-301F-11D3-BF4B-00C04F79EFBC}") = "Infrastructure", "Infrastructure\Infrastructure.csproj", "{D9F62633-682E-4396-8024-C0936A5E9BDB}"
EndProject
Project("{FAE04EC0-301F-11D3-BF4B-00C04F79EFBC}") = "Web", "Web\Web.csproj", "{1DEFD77D-C93C-4526-AA47-3D91E7388E9B}"
EndProject
Project("{2150E333-8FDC-42A3-9474-1A3956D46DE8}") = "Tests", "Tests", "{0AB3BF05-4346-4AA6-1389-037BE0695223}"
EndProject
Project("{FAE04EC0-301F-11D3-BF4B-00C04F79EFBC}") = "SyncMP3.Tests", "Tests\SyncMP3.Tests\SyncMP3.Tests.csproj", "{ECDF0361-8DBC-4404-B478-79DC2C793AE6}"
EndProject
Global
	GlobalSection(SolutionConfigurationPlatforms) = preSolution
		Debug|Any CPU = Debug|Any CPU
		Debug|x64 = Debug|x64
		Debug|x86 = Debug|x86
		Release|Any CPU = Release|Any CPU
		Release|x64 = Release|x64
		Release|x86 = Release|x86
	EndGlobalSection
	GlobalSection(ProjectConfigurationPlatforms) = postSolution
		{4093E221-A1A2-4E31-BDD6-04054CE6E3A5}.Debug|Any CPU.ActiveCfg = Debug|Any CPU
		{4093E221-A1A2-4E31-BDD6-04054CE6E3A5}.Debug|Any CPU.Build.0 = Debug|Any CPU
		{4093E221-A1A2-4E31-BDD6-04054CE6E3A5}.Debug|x64.ActiveCfg = Debug|Any CPU
		{4093E221-A1A2-4E31-BDD6-04054CE6E3A5}.Debug|x64.Build.0 = Debug|Any CPU
		{4093E221-A1A2-4E31-BDD6-04054CE6E3A5}.Debug|x86.ActiveCfg = Debug|Any CPU
		{4093E221-A1A2-4E31-BDD6-04054CE6E3A5}.Debug|x86.Build.0 = Debug|Any CPU
		{4093E221-A1A2-4E31-BDD6-04054CE6E3A5}.Release|Any CPU.ActiveCfg = Release|Any CPU
		{4093E221-A1A2-4E31-BDD6-04054CE6E3A5}.Release|Any CPU.Build.0 = Release|Any CPU
		{4093E221-A1A2-4E31-BDD6-04054CE6E3A5}.Release|x64.ActiveCfg = Release|Any CPU
		{4093E221-A1A2-4E31-BDD6-04054CE6E3A5}.Release|x64.Build.0 = Release|Any CPU
		{4093E221-A1A2-4E31-BDD6-04054CE6E3A5}.Release|x86.ActiveCfg = Release|Any CPU
		{4093E221-A1A2-4E31-BDD6-04054CE6E3A5}.Release|x86.Build.0 = Release|Any CPU
		{3AA3AAF2-B9D7-4945-99E1-09917B9E1BB5}.Debug|Any CPU.ActiveCfg = Debug|Any CPU
		{3AA3AAF2-B9D7-4945-99E1-09917B9E1BB5}.Debug|Any CPU.Build.0 = Debug|Any CPU
		{3AA3AAF2-B9D7-4945-99E1-09917B9E1BB5}.Debug|x64.ActiveCfg = Debug|Any CPU
		{3AA3AAF2-B9D7-4945-99E1-09917B9E1BB5}.Debug|x64.Build.0 = Debug|Any CPU
		{3AA3AAF2-B9D7-4945-99E1-09917B9E1BB5}.Debug|x86.ActiveCfg = Debug|Any CPU
		{3AA3AAF2-B9D7-4945-99E1-09917B9E1BB5}.Debug|x86.Build.0 = Debug|Any CPU
		{3AA3AAF2-B9D7-4945-99E1-09917B9E1BB5}.Release|Any CPU.ActiveCfg = Release|Any CPU
		{3AA3AAF2-B9D7-4945-99E1-09917B9E1BB5}.Release|Any CPU.Build.0 = Release|Any CPU
		{3AA3AAF2-B9D7-4945-99E1-09917B9E1BB5}.Release|x64.ActiveCfg = Release|Any CPU
		{3AA3AAF2-B9D7-4945-99E1-09917B9E1BB5}.Release|x64.Build.0 = Release|Any CPU
		{3AA3AAF2-B9D7-4945-99E1-09917B9E1BB5}.Release|x86.ActiveCfg = Release|Any CPU
		{3AA3AAF2-B9D7-4945-99E1-09917B9E1BB5}.Release|x86.Build.0 = Release|Any CPU
		{D9F62633-682E-4396-8024-C0936A5E9BDB}.Debug|Any CPU.ActiveCfg = Debug|Any CPU
		{D9F62633-682E-4396-8024-C0936A5E9BDB}.Debug|Any CPU.Build.0 = Debug|Any CPU
		{D9F62633-682E-4396-8024-C0936A5E9BDB}.Debug|x64.ActiveCfg = Debug|Any CPU
		{D9F62633-682E-4396-8024-C0936A5E9BDB}.Debug|x64.Build.0 = Debug|Any CPU
		{D9F62633-682E-4396-8024-C0936A5E9BDB}.Debug|x86.ActiveCfg = Debug|Any CPU
		{D9F62633-682E-4396-8024-C0936A5E9BDB}.Debug|x86.Build.0 = Debug|Any CPU
		{D9F62633-682E-4396-8024-C0936A5E9BDB}.Release|Any CPU.ActiveCfg = Release|Any CPU
		{D9F62633-682E-4396-8024-C0936A5E9BDB}.Release|Any CPU.Build.0 = Release|Any CPU
		{D9F62633-682E-4396-8024-C0936A5E9BDB}.Release|x64.ActiveCfg = Release|Any CPU
		{D9F62633-682E-4396-8024-C0936A5E9BDB}.Release|x64.Build.0 = Release|Any CPU
		{D9F62633-682E-4396-8024-C0936A5E9BDB}.Release|x86.ActiveCfg = Release|Any CPU
		{D9F62633-682E-4396-8024-C0936A5E9BDB}.Release|x86.Build.0 = Release|Any CPU
		{1DEFD77D-C93C-4526-AA47-3D91E7388E9B}.Debug|Any CPU.ActiveCfg = Debug|Any CPU
		{1DEFD77D-C93C-4526-AA47-3D91E7388E9B}.Debug|Any CPU.Build.0 = Debug|Any CPU
		{1DEFD77D-C93C-4526-AA47-3D91E7388E9B}.Debug|x64.ActiveCfg = Debug|Any CPU
		{1DEFD77D-C93C-4526-AA47-3D91E7388E9B}.Debug|x64.Build.0 = Debug|Any CPU
		{1DEFD77D-C93C-4526-AA47-3D91E7388E9B}.Debug|x86.ActiveCfg = Debug|Any CPU
		{1DEFD77D-C93C-4526-AA47-3D91E7388E9B}.Debug|x86.Build.0 = Debug|Any CPU
		{1DEFD77D-C93C-4526-AA47-3D91E7388E9B}.Release|Any CPU.ActiveCfg = Release|Any CPU
		{1DEFD77D-C93C-4526-AA47-3D91E7388E9B}.Release|Any CPU.Build.0 = Release|Any CPU
		{1DEFD77D-C93C-4526-AA47-3D91E7388E9B}.Release|x64.ActiveCfg = Release|Any CPU
		{1DEFD77D-C93C-4526-AA47-3D91E7388E9B}.Release|x64.Build.0 = Release|Any CPU
		{1DEFD77D-C93C-4526-AA47-3D91E7388E9B}.Release|x86.ActiveCfg = Release|Any CPU
		{1DEFD77D-C93C-4526-AA47-3D91E7388E9B}.Release|x86.Build.0 = Release|Any CPU
		{ECDF0361-8DBC-4404-B478-79DC2C793AE6}.Debug|Any CPU.ActiveCfg = Debug|Any CPU
		{ECDF0361-8DBC-4404-B478-79DC2C793AE6}.Debug|Any CPU.Build.0 = Debug|Any CPU
		{ECDF0361-8DBC-4404-B478-79DC2C793AE6}.Debug|x64.ActiveCfg = Debug|Any CPU
		{ECDF0361-8DBC-4404-B478-79DC2C793AE6}.Debug|x64.Build.0 = Debug|Any CPU
		{ECDF0361-8DBC-4404-B478-79DC2C793AE6}.Debug|x86.ActiveCfg = Debug|Any CPU
		{ECDF0361-8DBC-4404-B478-79DC2C793AE6}.Debug|x86.Build.0 = Debug|Any CPU
		{ECDF0361-8DBC-4404-B478-79DC2C793AE6}.Release|Any CPU.ActiveCfg = Release|Any CPU
		{ECDF0361-8DBC-4404-B478-79DC2C793AE6}.Release|Any CPU.Build.0 = Release|Any CPU
		{ECDF0361-8DBC-4404-B478-79DC2C793AE6}.Release|x64.ActiveCfg = Release|Any CPU
		{ECDF0361-8DBC-4404-B478-79DC2C793AE6}.Release|x64.Build.0 = Release|Any CPU
		{ECDF0361-8DBC-4404-B478-79DC2C793AE6}.Release|x86.ActiveCfg = Release|Any CPU
		{ECDF0361-8DBC-4404-B478-79DC2C793AE6}.Release|x86.Build.0 = Release|Any CPU
	EndGlobalSection
	GlobalSection(SolutionProperties) = preSolution
		HideSolutionNode = FALSE
	EndGlobalSection
	GlobalSection(NestedProjects) = preSolution
		{ECDF0361-8DBC-4404-B478-79DC2C793AE6} = {0AB3BF05-4346-4AA6-1389-037BE0695223}
	EndGlobalSection
EndGlobal
